apiVersion: kblocks.io/v1
kind: Block
metadata:
  name: repository-refs.acme.com
  namespace: kblocks
spec:
  engine: noop
  definition:
    group: acme.com
    version: v1
    kind: RepositoryRef
    plural: repository-refs
    readme: README.md
    icon: heroicon://archive-box
    color: violet
    schema: ./src/values.schema.json
    description: The RepositoryRef resource allows developers to reference existing
      GitHub repositories as Kubernetes objects.
  operator:
    envConfigMaps:
      SLACK_CHANNEL: slack-config
      AWS_DEFAULT_REGION: tf-backend-config
      TF_BACKEND_BUCKET: tf-backend-config
      TF_BACKEND_REGION: tf-backend-config
      TF_BACKEND_KEY: tf-backend-config
      TF_BACKEND_DYNAMODB: tf-backend-config
      KBLOCKS_SYSTEM_ID: system-config
    envSecrets:
      SLACK_API_TOKEN: slack-token
      OPENAI_API_KEY: openai-token
      AWS_ACCESS_KEY_ID: aws-credentials
      AWS_SECRET_ACCESS_KEY: aws-credentials
      GITHUB_TOKEN: github-token
