apiVersion: kblocks.io/v1
kind: Block
metadata:
  name: simpleapps.acme.com
spec:
  engine: helm
  definition:
    readme: ./README.md
    schema: ./src/values.schema.json
    description: An example block implemented using Helm
    group: acme.com
    icon: Simple
    categories: 
      - demo
    version: v1
    kind: SimpleApp
    plural: simpleapps
    singular: simpleapp
