apiVersion: kblocks.io/v1
kind: Block
metadata:
  name: websites.acme.com
  namespace: kblocks
spec:
  engine: helm
  definition:
    group: acme.com
    version: v1
    kind: Website
    plural: websites
    readme: README.md
    icon: heroicon://globe-alt
    color: sky
    schema: src/values.schema.json
    description: The `Website` custom resource allows you to define and manage web
      applications in your Kubernetes cluster using a Helm chart.
  operator:
    envConfigMaps:
      SLACK_CHANNEL: slack-config
      AWS_DEFAULT_REGION: tf-backend-config
      KBLOCKS_SYSTEM_ID: system-config
    envSecrets:
      SLACK_API_TOKEN: slack-token
      OPENAI_API_KEY: openai-token
      AWS_ACCESS_KEY_ID: aws-credentials
      AWS_SECRET_ACCESS_KEY: aws-credentials
      GITHUB_TOKEN: github-token
