apiVersion: kblocks.io/v1
kind: Block
spec:
  engine: pulumi
  definition:
    description: An example platform building block implemented using Pulumi to
      provision AWS resources, including EC2 instances, IAM roles, and a VPC.
    icon: heroicon://sparkles
    readme: ./README.md
    schema: src/values.schema.json
    outputs:
      - amiId
      - instanceId
      - publicDns
      - publicIp
      - consoleUrl
      - chatUrl
    categories:
      - ai
    group: pulumi.kblocks.io
    version: v1
    kind: PulumiOllama
    plural: pulumiollamas
    singular: pulumiollama
  operator:
    envSecrets:
      AWS_REGION: kblocks-secrets
      PULUMI_ACCESS_TOKEN: kblocks-secrets
      AWS_ACCESS_KEY_ID: kblocks-secrets
      AWS_SECRET_ACCESS_KEY: kblocks-secrets
      AWS_DEFAULT_REGION: kblocks-secrets
      SSH_PRIVATE_KEY_BASE64: kblocks-secrets
      SSH_PUBLIC_KEY: kblocks-secrets
metadata:
  name: pulumiollamas.pulumi.kblocks.io
