apiVersion: kblocks.io/v1
kind: Block
metadata:
  name: services.acme.com
  namespace: kblocks
spec:
  engine: wing
  definition:
    group: acme.com
    version: v1
    kind: Service
    plural: services
    readme: README.md
    icon: heroicon://book-open
    color: slate
    schema: ./src/service.w
    description: A Kubernetes custom resource definition (CRD) for managing services
      associated with GitHub repositories, enabling automatic creation and
      deployment of GitHub repositories using ArgoCD.
  operator:
    envConfigMaps:
      SLACK_CHANNEL: slack-config
      AWS_DEFAULT_REGION: tf-backend-config
      KBLOCKS_SYSTEM_ID: system-config
    envSecrets:
      AWS_ACCESS_KEY_ID: aws-credentials
      AWS_SECRET_ACCESS_KEY: aws-credentials
      GITHUB_TOKEN: github-token
