apiVersion: kblocks.io/v1
kind: Block
metadata:
  name: pulumi-bucket
  namespace: kblocks
spec:
  engine: pulumi
  definition:
    group: pulumi.kblocks.io
    version: v1
    kind: PulumiBucket
    plural: pulumibuckets
    categories:
      - cloud
    readme: README.md
    icon: heroicon://sparkles
    color: yellow
    description: kblock pulumi bucket
    schema: ./src/values.schema.json
    outputs:
      - bucketName
  operator:
    workers: 1
    envSecrets:
      AWS_REGION:
        key: ORG_AWS_DEFAULT_REGION
        secret: kblocks-secrets
      PULUMI_ACCESS_TOKEN:
        key: PULUMI_ACCESS_TOKEN
        secret: kblocks-secrets
      AWS_ACCESS_KEY_ID:
        key: AWS_ACCESS_KEY_ID
        secret: kblocks-secrets
      AWS_SECRET_ACCESS_KEY:
        key: AWS_SECRET_ACCESS_KEY
        secret: kblocks-secrets
      AWS_DEFAULT_REGION:
        key: AWS_DEFAULT_REGION
        secret: kblocks-secrets
