apiVersion: kblocks.io/v1
kind: Block
spec:
  engine: helm
  definition:
    outputs:
      - myOutput
    readme: ./README.md
    schema: ./src/values.schema.json
    description: An example block implemented using Helm
    group: acme.com
    categories: 
      - workloads
    version: v1
    kind: SimpleApp
    plural: simpleapps
    singular: simpleapp
metadata:
  name: simpleapps.acme.com
