apiVersion: kblocks.io/v1
kind: Block
metadata:
  name: portals.acme.com
  namespace: kblocks
spec:
  engine: wing
  definition:
    group: acme.com
    version: v1
    kind: Portal
    plural: portals
    readme: README.md
    icon: heroicon://cloud
    schema: ./src/portal.w
    color: slate
    description: The Portal resource automates the creation and management of GitHub
      repositories and their deployment through Argo CD, facilitating GitOps
      workflows within Kubernetes environments.
  operator:
    envConfigMaps:
      SLACK_CHANNEL: slack-config
      AWS_DEFAULT_REGION: tf-backend-config
      KBLOCKS_SYSTEM_ID: system-config
    envSecrets:
      AWS_ACCESS_KEY_ID: aws-credentials
      AWS_SECRET_ACCESS_KEY: aws-credentials
      GITHUB_TOKEN: github-token
